
Microsoft Visual Studio Solution File, Format Version 12.00
# Visual Studio 15
VisualStudioVersion = 15.0.28307.852
MinimumVisualStudioVersion = 10.0.40219.1
Project("{E24C65DC-7377-472B-9ABA-BC803B73C61A}") = "pallet_tracking_system(1)", "pallet_tracking_system\", "{F24ACC74-C7C2-4C16-8FEB-AF0301290770}"
	ProjectSection(WebsiteProperties) = preProject
		TargetFrameworkMoniker = ".NETFramework,Version%3Dv4.6.1"
		Debug.AspNetCompiler.VirtualPath = "/localhost_56041"
		Debug.AspNetCompiler.PhysicalPath = "pallet_tracking_system\"
		Debug.AspNetCompiler.TargetPath = "PrecompiledWeb\localhost_56041\"
		Debug.AspNetCompiler.Updateable = "true"
		Debug.AspNetCompiler.ForceOverwrite = "true"
		Debug.AspNetCompiler.FixedNames = "false"
		Debug.AspNetCompiler.Debug = "True"
		Release.AspNetCompiler.VirtualPath = "/localhost_56041"
		Release.AspNetCompiler.PhysicalPath = "pallet_tracking_system\"
		Release.AspNetCompiler.TargetPath = "PrecompiledWeb\localhost_56041\"
		Release.AspNetCompiler.Updateable = "true"
		Release.AspNetCompiler.ForceOverwrite = "true"
		Release.AspNetCompiler.FixedNames = "false"
		Release.AspNetCompiler.Debug = "False"
		VWDPort = "56041"
		SlnRelativePath = "pallet_tracking_system\"
		DefaultWebSiteLanguage = "Visual C#"
	EndProjectSection
EndProject
Global
	GlobalSection(SolutionConfigurationPlatforms) = preSolution
		Debug|Any CPU = Debug|Any CPU
	EndGlobalSection
	GlobalSection(ProjectConfigurationPlatforms) = postSolution
		{F24ACC74-C7C2-4C16-8FEB-AF0301290770}.Debug|Any CPU.ActiveCfg = Debug|Any CPU
		{F24ACC74-C7C2-4C16-8FEB-AF0301290770}.Debug|Any CPU.Build.0 = Debug|Any CPU
	EndGlobalSection
	GlobalSection(SolutionProperties) = preSolution
		HideSolutionNode = FALSE
	EndGlobalSection
	GlobalSection(ExtensibilityGlobals) = postSolution
		SolutionGuid = {95C22A38-A081-4D5E-98EC-19A4F49F8063}
	EndGlobalSection
EndGlobal
